// !$*UTF8*$!
{
	archiveVersion = 1;
	classes = {
	};
	objectVersion = 50;
	objects = {

/* Begin PBXBuildFile section */
		1AB324B022D61F9B00F28C17 /* AppDelegate.swift in Sources */ = {isa = PBXBuildFile; fileRef = 1AB324AF22D61F9B00F28C17 /* AppDelegate.swift */; };
		1AB324B222D61F9B00F28C17 /* SceneDelegate.swift in Sources */ = {isa = PBXBuildFile; fileRef = 1AB324B122D61F9B00F28C17 /* SceneDelegate.swift */; };
		1AB324B422D61F9B00F28C17 /* ContentView.swift in Sources */ = {isa = PBXBuildFile; fileRef = 1AB324B322D61F9B00F28C17 /* ContentView.swift */; };
		1AB324B622D61F9C00F28C17 /* Assets.xcassets in Resources */ = {isa = PBXBuildFile; fileRef = 1AB324B522D61F9C00F28C17 /* Assets.xcassets */; };
		1AB324B922D61F9C00F28C17 /* Preview Assets.xcassets in Resources */ = {isa = PBXBuildFile; fileRef = 1AB324B822D61F9C00F28C17 /* Preview Assets.xcassets */; };
		1AB324BC22D61F9C00F28C17 /* LaunchScreen.storyboard in Resources */ = {isa = PBXBuildFile; fileRef = 1AB324BA22D61F9C00F28C17 /* LaunchScreen.storyboard */; };
		1AB324C722D61F9D00F28C17 /* xkcdTests.swift in Sources */ = {isa = PBXBuildFile; fileRef = 1AB324C622D61F9D00F28C17 /* xkcdTests.swift */; };
		1AB324D222D61F9D00F28C17 /* xkcdUITests.swift in Sources */ = {isa = PBXBuildFile; fileRef = 1AB324D122D61F9D00F28C17 /* xkcdUITests.swift */; };
/* End PBXBuildFile section */

/* Begin PBXContainerItemProxy section */
		1AB324C322D61F9C00F28C17 /* PBXContainerItemProxy */ = {
			isa = PBXContainerItemProxy;
			containerPortal = 1AB324A422D61F9B00F28C17 /* Project object */;
			proxyType = 1;
			remoteGlobalIDString = 1AB324AB22D61F9B00F28C17;
			remoteInfo = xkcd;
		};
		1AB324CE22D61F9D00F28C17 /* PBXContainerItemProxy */ = {
			isa = PBXContainerItemProxy;
			containerPortal = 1AB324A422D61F9B00F28C17 /* Project object */;
			proxyType = 1;
			remoteGlobalIDString = 1AB324AB22D61F9B00F28C17;
			remoteInfo = xkcd;
		};
/* End PBXContainerItemProxy section */

/* Begin PBXFileReference section */
		1AB324AC22D61F9B00F28C17 /* xkcd.app */ = {isa = PBXFileReference; explicitFileType = wrapper.application; includeInIndex = 0; path = xkcd.app; sourceTree = BUILT_PRODUCTS_DIR; };
		1AB324AF22D61F9B00F28C17 /* AppDelegate.swift */ = {isa = PBXFileReference; lastKnownFileType = sourcecode.swift; path = AppDelegate.swift; sourceTree = "<group>"; };
		1AB324B122D61F9B00F28C17 /* SceneDelegate.swift */ = {isa = PBXFileReference; lastKnownFileType = sourcecode.swift; path = SceneDelegate.swift; sourceTree = "<group>"; };
		1AB324B322D61F9B00F28C17 /* ContentView.swift */ = {isa = PBXFileReference; lastKnownFileType = sourcecode.swift; path = ContentView.swift; sourceTree = "<group>"; };
		1AB324B522D61F9C00F28C17 /* Assets.xcassets */ = {isa = PBXFileReference; lastKnownFileType = folder.assetcatalog; path = Assets.xcassets; sourceTree = "<group>"; };
		1AB324B822D61F9C00F28C17 /* Preview Assets.xcassets */ = {isa = PBXFileReference; lastKnownFileType = folder.assetcatalog; path = "Preview Assets.xcassets"; sourceTree = "<group>"; };
		1AB324BB22D61F9C00F28C17 /* Base */ = {isa = PBXFileReference; lastKnownFileType = file.storyboard; name = Base; path = Base.lproj/LaunchScreen.storyboard; sourceTree = "<group>"; };
		1AB324BD22D61F9C00F28C17 /* Info.plist */ = {isa = PBXFileReference; lastKnownFileType = text.plist.xml; path = Info.plist; sourceTree = "<group>"; };
		1AB324C222D61F9C00F28C17 /* xkcdTests.xctest */ = {isa = PBXFileReference; explicitFileType = wrapper.cfbundle; includeInIndex = 0; path = xkcdTests.xctest; sourceTree = BUILT_PRODUCTS_DIR; };
		1AB324C622D61F9D00F28C17 /* xkcdTests.swift */ = {isa = PBXFileReference; lastKnownFileType = sourcecode.swift; path = xkcdTests.swift; sourceTree = "<group>"; };
		1AB324C822D61F9D00F28C17 /* Info.plist */ = {isa = PBXFileReference; lastKnownFileType = text.plist.xml; path = Info.plist; sourceTree = "<group>"; };
		1AB324CD22D61F9D00F28C17 /* xkcdUITests.xctest */ = {isa = PBXFileReference; explicitFileType = wrapper.cfbundle; includeInIndex = 0; path = xkcdUITests.xctest; sourceTree = BUILT_PRODUCTS_DIR; };
		1AB324D122D61F9D00F28C17 /* xkcdUITests.swift */ = {isa = PBXFileReference; lastKnownFileType = sourcecode.swift; path = xkcdUITests.swift; sourceTree = "<group>"; };
		1AB324D322D61F9D00F28C17 /* Info.plist */ = {isa = PBXFileReference; lastKnownFileType = text.plist.xml; path = Info.plist; sourceTree = "<group>"; };
/* End PBXFileReference section */

/* Begin PBXFrameworksBuildPhase section */
		1AB324A922D61F9B00F28C17 /* Frameworks */ = {
			isa = PBXFrameworksBuildPhase;
			buildActionMask = 2147483647;
			files = (
			);
			runOnlyForDeploymentPostprocessing = 0;
		};
		1AB324BF22D61F9C00F28C17 /* Frameworks */ = {
			isa = PBXFrameworksBuildPhase;
			buildActionMask = 2147483647;
			files = (
			);
			runOnlyForDeploymentPostprocessing = 0;
		};
		1AB324CA22D61F9D00F28C17 /* Frameworks */ = {
			isa = PBXFrameworksBuildPhase;
			buildActionMask = 2147483647;
			files = (
			);
			runOnlyForDeploymentPostprocessing = 0;
		};
/* End PBXFrameworksBuildPhase section */

/* Begin PBXGroup section */
		1AB324A322D61F9B00F28C17 = {
			isa = PBXGroup;
			children = (
				1AB324AE22D61F9B00F28C17 /* xkcd */,
				1AB324C522D61F9D00F28C17 /* xkcdTests */,
				1AB324D022D61F9D00F28C17 /* xkcdUITests */,
				1AB324AD22D61F9B00F28C17 /* Products */,
			);
			sourceTree = "<group>";
		};
		1AB324AD22D61F9B00F28C17 /* Products */ = {
			isa = PBXGroup;
			children = (
				1AB324AC22D61F9B00F28C17 /* xkcd.app */,
				1AB324C222D61F9C00F28C17 /* xkcdTests.xctest */,
				1AB324CD22D61F9D00F28C17 /* xkcdUITests.xctest */,
			);
			name = Products;
			sourceTree = "<group>";
		};
		1AB324AE22D61F9B00F28C17 /* xkcd */ = {
			isa = PBXGroup;
			children = (
				1AB324AF22D61F9B00F28C17 /* AppDelegate.swift */,
				1AB324B122D61F9B00F28C17 /* SceneDelegate.swift */,
				1AB324B322D61F9B00F28C17 /* ContentView.swift */,
				1AB324B522D61F9C00F28C17 /* Assets.xcassets */,
				1AB324BA22D61F9C00F28C17 /* LaunchScreen.storyboard */,
				1AB324BD22D61F9C00F28C17 /* Info.plist */,
				1AB324B722D61F9C00F28C17 /* Preview Content */,
			);
			path = xkcd;
			sourceTree = "<group>";
		};
		1AB324B722D61F9C00F28C17 /* Preview Content */ = {
			isa = PBXGroup;
			children = (
				1AB324B822D61F9C00F28C17 /* Preview Assets.xcassets */,
			);
			path = "Preview Content";
			sourceTree = "<group>";
		};
		1AB324C522D61F9D00F28C17 /* xkcdTests */ = {
			isa = PBXGroup;
			children = (
				1AB324C622D61F9D00F28C17 /* xkcdTests.swift */,
				1AB324C822D61F9D00F28C17 /* Info.plist */,
			);
			path = xkcdTests;
			sourceTree = "<group>";
		};
		1AB324D022D61F9D00F28C17 /* xkcdUITests */ = {
			isa = PBXGroup;
			children = (
				1AB324D122D61F9D00F28C17 /* xkcdUITests.swift */,
				1AB324D322D61F9D00F28C17 /* Info.plist */,
			);
			path = xkcdUITests;
			sourceTree = "<group>";
		};
/* End PBXGroup section */

/* Begin PBXNativeTarget section */
		1AB324AB22D61F9B00F28C17 /* xkcd */ = {
			isa = PBXNativeTarget;
			buildConfigurationList = 1AB324D622D61F9D00F28C17 /* Build configuration list for PBXNativeTarget "xkcd" */;
			buildPhases = (
				1AB324A822D61F9B00F28C17 /* Sources */,
				1AB324A922D61F9B00F28C17 /* Frameworks */,
				1AB324AA22D61F9B00F28C17 /* Resources */,
			);
			buildRules = (
			);
			dependencies = (
			);
			name = xkcd;
			productName = xkcd;
			productReference = 1AB324AC22D61F9B00F28C17 /* xkcd.app */;
			productType = "com.apple.product-type.application";
		};
		1AB324C122D61F9C00F28C17 /* xkcdTests */ = {
			isa = PBXNativeTarget;
			buildConfigurationList = 1AB324D922D61F9D00F28C17 /* Build configuration list for PBXNativeTarget "xkcdTests" */;
			buildPhases = (
				1AB324BE22D61F9C00F28C17 /* Sources */,
				1AB324BF22D61F9C00F28C17 /* Frameworks */,
				1AB324C022D61F9C00F28C17 /* Resources */,
			);
			buildRules = (
			);
			dependencies = (
				1AB324C422D61F9C00F28C17 /* PBXTargetDependency */,
			);
			name = xkcdTests;
			productName = xkcdTests;
			productReference = 1AB324C222D61F9C00F28C17 /* xkcdTests.xctest */;
			productType = "com.apple.product-type.bundle.unit-test";
		};
		1AB324CC22D61F9D00F28C17 /* xkcdUITests */ = {
			isa = PBXNativeTarget;
			buildConfigurationList = 1AB324DC22D61F9D00F28C17 /* Build configuration list for PBXNativeTarget "xkcdUITests" */;
			buildPhases = (
				1AB324C922D61F9D00F28C17 /* Sources */,
				1AB324CA22D61F9D00F28C17 /* Frameworks */,
				1AB324CB22D61F9D00F28C17 /* Resources */,
			);
			buildRules = (
			);
			dependencies = (
				1AB324CF22D61F9D00F28C17 /* PBXTargetDependency */,
			);
			name = xkcdUITests;
			productName = xkcdUITests;
			productReference = 1AB324CD22D61F9D00F28C17 /* xkcdUITests.xctest */;
			productType = "com.apple.product-type.bundle.ui-testing";
		};
/* End PBXNativeTarget section */

/* Begin PBXProject section */
		1AB324A422D61F9B00F28C17 /* Project object */ = {
			isa = PBXProject;
			attributes = {
				LastSwiftUpdateCheck = 1100;
				LastUpgradeCheck = 1100;
				ORGANIZATIONNAME = "James Froggatt";
				TargetAttributes = {
					1AB324AB22D61F9B00F28C17 = {
						CreatedOnToolsVersion = 11.0;
					};
					1AB324C122D61F9C00F28C17 = {
						CreatedOnToolsVersion = 11.0;
						TestTargetID = 1AB324AB22D61F9B00F28C17;
					};
					1AB324CC22D61F9D00F28C17 = {
						CreatedOnToolsVersion = 11.0;
						TestTargetID = 1AB324AB22D61F9B00F28C17;
					};
				};
			};
			buildConfigurationList = 1AB324A722D61F9B00F28C17 /* Build configuration list for PBXProject "xkcd" */;
			compatibilityVersion = "Xcode 9.3";
			developmentRegion = en;
			hasScannedForEncodings = 0;
			knownRegions = (
				en,
				Base,
			);
			mainGroup = 1AB324A322D61F9B00F28C17;
			productRefGroup = 1AB324AD22D61F9B00F28C17 /* Products */;
			projectDirPath = "";
			projectRoot = "";
			targets = (
				1AB324AB22D61F9B00F28C17 /* xkcd */,
				1AB324C122D61F9C00F28C17 /* xkcdTests */,
				1AB324CC22D61F9D00F28C17 /* xkcdUITests */,
			);
		};
/* End PBXProject section */

/* Begin PBXResourcesBuildPhase section */
		1AB324AA22D61F9B00F28C17 /* Resources */ = {
			isa = PBXResourcesBuildPhase;
			buildActionMask = 2147483647;
			files = (
				1AB324BC22D61F9C00F28C17 /* LaunchScreen.storyboard in Resources */,
				1AB324B922D61F9C00F28C17 /* Preview Assets.xcassets in Resources */,
				1AB324B622D61F9C00F28C17 /* Assets.xcassets in Resources */,
			);
			runOnlyForDeploymentPostprocessing = 0;
		};
		1AB324C022D61F9C00F28C17 /* Resources */ = {
			isa = PBXResourcesBuildPhase;
			buildActionMask = 2147483647;
			files = (
			);
			runOnlyForDeploymentPostprocessing = 0;
		};
		1AB324CB22D61F9D00F28C17 /* Resources */ = {
			isa = PBXResourcesBuildPhase;
			buildActionMask = 2147483647;
			files = (
			);
			runOnlyForDeploymentPostprocessing = 0;
		};
/* End PBXResourcesBuildPhase section */

/* Begin PBXSourcesBuildPhase section */
		1AB324A822D61F9B00F28C17 /* Sources */ = {
			isa = PBXSourcesBuildPhase;
			buildActionMask = 2147483647;
			files = (
				1AB324B022D61F9B00F28C17 /* AppDelegate.swift in Sources */,
				1AB324B222D61F9B00F28C17 /* SceneDelegate.swift in Sources */,
				1AB324B422D61F9B00F28C17 /* ContentView.swift in Sources */,
			);
			runOnlyForDeploymentPostprocessing = 0;
		};
		1AB324BE22D61F9C00F28C17 /* Sources */ = {
			isa = PBXSourcesBuildPhase;
			buildActionMask = 2147483647;
			files = (
				1AB324C722D61F9D00F28C17 /* xkcdTests.swift in Sources */,
			);
			runOnlyForDeploymentPostprocessing = 0;
		};
		1AB324C922D61F9D00F28C17 /* Sources */ = {
			isa = PBXSourcesBuildPhase;
			buildActionMask = 2147483647;
			files = (
				1AB324D222D61F9D00F28C17 /* xkcdUITests.swift in Sources */,
			);
			runOnlyForDeploymentPostprocessing = 0;
		};
/* End PBXSourcesBuildPhase section */

/* Begin PBXTargetDependency section */
		1AB324C422D61F9C00F28C17 /* PBXTargetDependency */ = {
			isa = PBXTargetDependency;
			target = 1AB324AB22D61F9B00F28C17 /* xkcd */;
			targetProxy = 1AB324C322D61F9C00F28C17 /* PBXContainerItemProxy */;
		};
		1AB324CF22D61F9D00F28C17 /* PBXTargetDependency */ = {
			isa = PBXTargetDependency;
			target = 1AB324AB22D61F9B00F28C17 /* xkcd */;
			targetProxy = 1AB324CE22D61F9D00F28C17 /* PBXContainerItemProxy */;
		};
/* End PBXTargetDependency section */

/* Begin PBXVariantGroup section */
		1AB324BA22D61F9C00F28C17 /* LaunchScreen.storyboard */ = {
			isa = PBXVariantGroup;
			children = (
				1AB324BB22D61F9C00F28C17 /* Base */,
			);
			name = LaunchScreen.storyboard;
			sourceTree = "<group>";
		};
/* End PBXVariantGroup section */

/* Begin XCBuildConfiguration section */
		1AB324D422D61F9D00F28C17 /* Debug */ = {
			isa = XCBuildConfiguration;
			buildSettings = {
				ALWAYS_SEARCH_USER_PATHS = NO;
				CLANG_ANALYZER_NONNULL = YES;
				CLANG_ANALYZER_NUMBER_OBJECT_CONVERSION = YES_AGGRESSIVE;
				CLANG_CXX_LANGUAGE_STANDARD = "gnu++14";
				CLANG_CXX_LIBRARY = "libc++";
				CLANG_ENABLE_MODULES = YES;
				CLANG_ENABLE_OBJC_ARC = YES;
				CLANG_ENABLE_OBJC_WEAK = YES;
				CLANG_WARN_BLOCK_CAPTURE_AUTORELEASING = YES;
				CLANG_WARN_BOOL_CONVERSION = YES;
				CLANG_WARN_COMMA = YES;
				CLANG_WARN_CONSTANT_CONVERSION = YES;
				CLANG_WARN_DEPRECATED_OBJC_IMPLEMENTATIONS = YES;
				CLANG_WARN_DIRECT_OBJC_ISA_USAGE = YES_ERROR;
				CLANG_WARN_DOCUMENTATION_COMMENTS = YES;
				CLANG_WARN_EMPTY_BODY = YES;
				CLANG_WARN_ENUM_CONVERSION = YES;
				CLANG_WARN_INFINITE_RECURSION = YES;
				CLANG_WARN_INT_CONVERSION = YES;
				CLANG_WARN_NON_LITERAL_NULL_CONVERSION = YES;
				CLANG_WARN_OBJC_IMPLICIT_RETAIN_SELF = YES;
				CLANG_WARN_OBJC_LITERAL_CONVERSION = YES;
				CLANG_WARN_OBJC_ROOT_CLASS = YES_ERROR;
				CLANG_WARN_RANGE_LOOP_ANALYSIS = YES;
				CLANG_WARN_STRICT_PROTOTYPES = YES;
				CLANG_WARN_SUSPICIOUS_MOVE = YES;
				CLANG_WARN_UNGUARDED_AVAILABILITY = YES_AGGRESSIVE;
				CLANG_WARN_UNREACHABLE_CODE = YES;
				CLANG_WARN__DUPLICATE_METHOD_MATCH = YES;
				COPY_PHASE_STRIP = NO;
				DEBUG_INFORMATION_FORMAT = dwarf;
				ENABLE_STRICT_OBJC_MSGSEND = YES;
				ENABLE_TESTABILITY = YES;
				GCC_C_LANGUAGE_STANDARD = gnu11;
				GCC_DYNAMIC_NO_PIC = NO;
				GCC_NO_COMMON_BLOCKS = YES;
				GCC_OPTIMIZATION_LEVEL = 0;
				GCC_PREPROCESSOR_DEFINITIONS = (
					"DEBUG=1",
					"$(inherited)",
				);
				GCC_WARN_64_TO_32_BIT_CONVERSION = YES;
				GCC_WARN_ABOUT_RETURN_TYPE = YES_ERROR;
				GCC_WARN_UNDECLARED_SELECTOR = YES;
				GCC_WARN_UNINITIALIZED_AUTOS = YES_AGGRESSIVE;
				GCC_WARN_UNUSED_FUNCTION = YES;
				GCC_WARN_UNUSED_VARIABLE = YES;
				IPHONEOS_DEPLOYMENT_TARGET = 13.0;
				MTL_ENABLE_DEBUG_INFO = INCLUDE_SOURCE;
				MTL_FAST_MATH = YES;
				ONLY_ACTIVE_ARCH = YES;
				SDKROOT = iphoneos;
				SWIFT_ACTIVE_COMPILATION_CONDITIONS = DEBUG;
				SWIFT_OPTIMIZATION_LEVEL = "-Onone";
			};
			name = Debug;
		};
		1AB324D522D61F9D00F28C17 /* Release */ = {
			isa = XCBuildConfiguration;
			buildSettings = {
				ALWAYS_SEARCH_USER_PATHS = NO;
				CLANG_ANALYZER_NONNULL = YES;
				CLANG_ANALYZER_NUMBER_OBJECT_CONVERSION = YES_AGGRESSIVE;
				CLANG_CXX_LANGUAGE_STANDARD = "gnu++14";
				CLANG_CXX_LIBRARY = "libc++";
				CLANG_ENABLE_MODULES = YES;
				CLANG_ENABLE_OBJC_ARC = YES;
				CLANG_ENABLE_OBJC_WEAK = YES;
				CLANG_WARN_BLOCK_CAPTURE_AUTORELEASING = YES;
				CLANG_WARN_BOOL_CONVERSION = YES;
				CLANG_WARN_COMMA = YES;
				CLANG_WARN_CONSTANT_CONVERSION = YES;
				CLANG_WARN_DEPRECATED_OBJC_IMPLEMENTATIONS = YES;
				CLANG_WARN_DIRECT_OBJC_ISA_USAGE = YES_ERROR;
				CLANG_WARN_DOCUMENTATION_COMMENTS = YES;
				CLANG_WARN_EMPTY_BODY = YES;
				CLANG_WARN_ENUM_CONVERSION = YES;
				CLANG_WARN_INFINITE_RECURSION = YES;
				CLANG_WARN_INT_CONVERSION = YES;
				CLANG_WARN_NON_LITERAL_NULL_CONVERSION = YES;
				CLANG_WARN_OBJC_IMPLICIT_RETAIN_SELF = YES;
				CLANG_WARN_OBJC_LITERAL_CONVERSION = YES;
				CLANG_WARN_OBJC_ROOT_CLASS = YES_ERROR;
				CLANG_WARN_RANGE_LOOP_ANALYSIS = YES;
				CLANG_WARN_STRICT_PROTOTYPES = YES;
				CLANG_WARN_SUSPICIOUS_MOVE = YES;
				CLANG_WARN_UNGUARDED_AVAILABILITY = YES_AGGRESSIVE;
				CLANG_WARN_UNREACHABLE_CODE = YES;
				CLANG_WARN__DUPLICATE_METHOD_MATCH = YES;
				COPY_PHASE_STRIP = NO;
				DEBUG_INFORMATION_FORMAT = "dwarf-with-dsym";
				ENABLE_NS_ASSERTIONS = NO;
				ENABLE_STRICT_OBJC_MSGSEND = YES;
				GCC_C_LANGUAGE_STANDARD = gnu11;
				GCC_NO_COMMON_BLOCKS = YES;
				GCC_WARN_64_TO_32_BIT_CONVERSION = YES;
				GCC_WARN_ABOUT_RETURN_TYPE = YES_ERROR;
				GCC_WARN_UNDECLARED_SELECTOR = YES;
				GCC_WARN_UNINITIALIZED_AUTOS = YES_AGGRESSIVE;
				GCC_WARN_UNUSED_FUNCTION = YES;
				GCC_WARN_UNUSED_VARIABLE = YES;
				IPHONEOS_DEPLOYMENT_TARGET = 13.0;
				MTL_ENABLE_DEBUG_INFO = NO;
				MTL_FAST_MATH = YES;
				SDKROOT = iphoneos;
				SWIFT_COMPILATION_MODE = wholemodule;
				SWIFT_OPTIMIZATION_LEVEL = "-O";
				VALIDATE_PRODUCT = YES;
			};
			name = Release;
		};
		1AB324D722D61F9D00F28C17 /* Debug */ = {
			isa = XCBuildConfiguration;
			buildSettings = {
				ASSETCATALOG_COMPILER_APPICON_NAME = AppIcon;
				CODE_SIGN_STYLE = Automatic;
				DEVELOPMENT_ASSET_PATHS = "xkcd/Preview\\ Content";
				DEVELOPMENT_TEAM = VKFDYMU9HJ;
				ENABLE_PREVIEWS = YES;
				INFOPLIST_FILE = xkcd/Info.plist;
				LD_RUNPATH_SEARCH_PATHS = (
					"$(inherited)",
					"@executable_path/Frameworks",
				);
				PRODUCT_BUNDLE_IDENTIFIER = James.xkcd;
				PRODUCT_NAME = "$(TARGET_NAME)";
				SWIFT_VERSION = 5.0;
				TARGETED_DEVICE_FAMILY = "1,2";
			};
			name = Debug;
		};
		1AB324D822D61F9D00F28C17 /* Release */ = {
			isa = XCBuildConfiguration;
			buildSettings = {
				ASSETCATALOG_COMPILER_APPICON_NAME = AppIcon;
				CODE_SIGN_STYLE = Automatic;
				DEVELOPMENT_ASSET_PATHS = "xkcd/Preview\\ Content";
				DEVELOPMENT_TEAM = VKFDYMU9HJ;
				ENABLE_PREVIEWS = YES;
				INFOPLIST_FILE = xkcd/Info.plist;
				LD_RUNPATH_SEARCH_PATHS = (
					"$(inherited)",
					"@executable_path/Frameworks",
				);
				PRODUCT_BUNDLE_IDENTIFIER = James.xkcd;
				PRODUCT_NAME = "$(TARGET_NAME)";
				SWIFT_VERSION = 5.0;
				TARGETED_DEVICE_FAMILY = "1,2";
			};
			name = Release;
		};
		1AB324DA22D61F9D00F28C17 /* Debug */ = {
			isa = XCBuildConfiguration;
			buildSettings = {
				ALWAYS_EMBED_SWIFT_STANDARD_LIBRARIES = YES;
				BUNDLE_LOADER = "$(TEST_HOST)";
				CODE_SIGN_STYLE = Automatic;
				DEVELOPMENT_TEAM = VKFDYMU9HJ;
				INFOPLIST_FILE = xkcdTests/Info.plist;
				LD_RUNPATH_SEARCH_PATHS = (
					"$(inherited)",
					"@executable_path/Frameworks",
					"@loader_path/Frameworks",
				);
				PRODUCT_BUNDLE_IDENTIFIER = James.xkcdTests;
				PRODUCT_NAME = "$(TARGET_NAME)";
				SWIFT_VERSION = 5.0;
				TARGETED_DEVICE_FAMILY = "1,2";
				TEST_HOST = "$(BUILT_PRODUCTS_DIR)/xkcd.app/xkcd";
			};
			name = Debug;
		};
		1AB324DB22D61F9D00F28C17 /* Release */ = {
			isa = XCBuildConfiguration;
			buildSettings = {
				ALWAYS_EMBED_SWIFT_STANDARD_LIBRARIES = YES;
				BUNDLE_LOADER = "$(TEST_HOST)";
				CODE_SIGN_STYLE = Automatic;
				DEVELOPMENT_TEAM = VKFDYMU9HJ;
				INFOPLIST_FILE = xkcdTests/Info.plist;
				LD_RUNPATH_SEARCH_PATHS = (
					"$(inherited)",
					"@executable_path/Frameworks",
					"@loader_path/Frameworks",
				);
				PRODUCT_BUNDLE_IDENTIFIER = James.xkcdTests;
				PRODUCT_NAME = "$(TARGET_NAME)";
				SWIFT_VERSION = 5.0;
				TARGETED_DEVICE_FAMILY = "1,2";
				TEST_HOST = "$(BUILT_PRODUCTS_DIR)/xkcd.app/xkcd";
			};
			name = Release;
		};
		1AB324DD22D61F9D00F28C17 /* Debug */ = {
			isa = XCBuildConfiguration;
			buildSettings = {
				ALWAYS_EMBED_SWIFT_STANDARD_LIBRARIES = YES;
				CODE_SIGN_STYLE = Automatic;
				DEVELOPMENT_TEAM = VKFDYMU9HJ;
				INFOPLIST_FILE = xkcdUITests/Info.plist;
				LD_RUNPATH_SEARCH_PATHS = (
					"$(inherited)",
					"@executable_path/Frameworks",
					"@loader_path/Frameworks",
				);
				PRODUCT_BUNDLE_IDENTIFIER = James.xkcdUITests;
				PRODUCT_NAME = "$(TARGET_NAME)";
				SWIFT_VERSION = 5.0;
				TARGETED_DEVICE_FAMILY = "1,2";
				TEST_TARGET_NAME = xkcd;
			};
			name = Debug;
		};
		1AB324DE22D61F9D00F28C17 /* Release */ = {
			isa = XCBuildConfiguration;
			buildSettings = {
				ALWAYS_EMBED_SWIFT_STANDARD_LIBRARIES = YES;
				CODE_SIGN_STYLE = Automatic;
				DEVELOPMENT_TEAM = VKFDYMU9HJ;
				INFOPLIST_FILE = xkcdUITests/Info.plist;
				LD_RUNPATH_SEARCH_PATHS = (
					"$(inherited)",
					"@executable_path/Frameworks",
					"@loader_path/Frameworks",
				);
				PRODUCT_BUNDLE_IDENTIFIER = James.xkcdUITests;
				PRODUCT_NAME = "$(TARGET_NAME)";
				SWIFT_VERSION = 5.0;
				TARGETED_DEVICE_FAMILY = "1,2";
				TEST_TARGET_NAME = xkcd;
			};
			name = Release;
		};
/* End XCBuildConfiguration section */

/* Begin XCConfigurationList section */
		1AB324A722D61F9B00F28C17 /* Build configuration list for PBXProject "xkcd" */ = {
			isa = XCConfigurationList;
			buildConfigurations = (
				1AB324D422D61F9D00F28C17 /* Debug */,
				1AB324D522D61F9D00F28C17 /* Release */,
			);
			defaultConfigurationIsVisible = 0;
			defaultConfigurationName = Release;
		};
		1AB324D622D61F9D00F28C17 /* Build configuration list for PBXNativeTarget "xkcd" */ = {
			isa = XCConfigurationList;
			buildConfigurations = (
				1AB324D722D61F9D00F28C17 /* Debug */,
				1AB324D822D61F9D00F28C17 /* Release */,
			);
			defaultConfigurationIsVisible = 0;
			defaultConfigurationName = Release;
		};
		1AB324D922D61F9D00F28C17 /* Build configuration list for PBXNativeTarget "xkcdTests" */ = {
			isa = XCConfigurationList;
			buildConfigurations = (
				1AB324DA22D61F9D00F28C17 /* Debug */,
				1AB324DB22D61F9D00F28C17 /* Release */,
			);
			defaultConfigurationIsVisible = 0;
			defaultConfigurationName = Release;
		};
		1AB324DC22D61F9D00F28C17 /* Build configuration list for PBXNativeTarget "xkcdUITests" */ = {
			isa = XCConfigurationList;
			buildConfigurations = (
				1AB324DD22D61F9D00F28C17 /* Debug */,
				1AB324DE22D61F9D00F28C17 /* Release */,
			);
			defaultConfigurationIsVisible = 0;
			defaultConfigurationName = Release;
		};
/* End XCConfigurationList section */
	};
	rootObject = 1AB324A422D61F9B00F28C17 /* Project object */;
}
